{
    "_meta": {
        "hash": {
            "sha256": "7efc8f5c51ce1c7df72f424dd3638b82dc45adb95b26a544b484630c47fddaf6"
        },
        "pipfile-spec": 6,
        "requires": {
            "python_version": "3.11"
        },
        "sources": [
            {
                "name": "pypi",
                "url": "https://pypi.org/simple",
                "verify_ssl": true
            }
        ]
    },
    "default": {
        "pymodbus": {
            "hashes": [
                "sha256:7d32047b40569c99580092cc351dbfee6066c7fbabeb73638802a9c2f8f9ee8f",
                "sha256:82787121e293f31095c0e9721b3e561a01807a6ac20abcbfb187ce70d24fb40c"
            ],
            "index": "pypi",
            "version": "==3.3.1"
        },
        "pyserial": {
            "hashes": [
                "sha256:3c77e014170dfffbd816e6ffc205e9842efb10be9f58ec16d3e8675b4925cddb",
                "sha256:c4451db6ba391ca6ca299fb3ec7bae67a5c55dde170964c7a14ceefec02f2cf0"
            ],
            "index": "pypi",
            "version": "==3.5"
        }
    },
    "develop": {}
}
